// !$*UTF8*$!
{
	archiveVersion = 1;
	classes = {
	};
	objectVersion = 50;
	objects = {

/* Begin PBXBuildFile section */
		1A77E0E7310742AC8F283071 /* Pods_WallPeckersUITests.framework in Frameworks */ = {isa = PBXBuildFile; fileRef = E1F1B913EF62A5E11FE0B6C2 /* Pods_WallPeckersUITests.framework */; };
		230BD47121BA102800503CD5 /* NotoSans-Regular.otf in Resources */ = {isa = PBXBuildFile; fileRef = 230BD46E21BA102700503CD5 /* NotoSans-Regular.otf */; };
		230BD47221BA102800503CD5 /* NotoSans-Bold.otf in Resources */ = {isa = PBXBuildFile; fileRef = 230BD46F21BA102800503CD5 /* NotoSans-Bold.otf */; };
		230BD47321BA102800503CD5 /* NotoSans-Medium.otf in Resources */ = {isa = PBXBuildFile; fileRef = 230BD47021BA102800503CD5 /* NotoSans-Medium.otf */; };
		230BD47421BA128700503CD5 /* NotoSans-Bold.otf in Resources */ = {isa = PBXBuildFile; fileRef = 230BD46F21BA102800503CD5 /* NotoSans-Bold.otf */; };
		230BD47521BA128800503CD5 /* NotoSans-Bold.otf in Resources */ = {isa = PBXBuildFile; fileRef = 230BD46F21BA102800503CD5 /* NotoSans-Bold.otf */; };
		230BD47621BA12A500503CD5 /* notokr_regular.ttf in Resources */ = {isa = PBXBuildFile; fileRef = 23D86F0D21B125C700CDC5B6 /* notokr_regular.ttf */; };
		230BD47721BA12A500503CD5 /* notokr_regular.ttf in Resources */ = {isa = PBXBuildFile; fileRef = 23D86F0D21B125C700CDC5B6 /* notokr_regular.ttf */; };
		230BD47921BA14BB00503CD5 /* UIColor+Additions.swift in Sources */ = {isa = PBXBuildFile; fileRef = 230BD47821BA14BB00503CD5 /* UIColor+Additions.swift */; };
		230BD47D21BA50FC00503CD5 /* ArticleChooseViewController.swift in Sources */ = {isa = PBXBuildFile; fileRef = 230BD47C21BA50FC00503CD5 /* ArticleChooseViewController.swift */; };
		230BD47F21BA667100503CD5 /* ResultViewController.swift in Sources */ = {isa = PBXBuildFile; fileRef = 230BD47E21BA667100503CD5 /* ResultViewController.swift */; };
		230BD48121BE47B600503CD5 /* ClueSelectViewController.swift in Sources */ = {isa = PBXBuildFile; fileRef = 230BD48021BE47B600503CD5 /* ClueSelectViewController.swift */; };
		230BD48321BF543400503CD5 /* Singleton.swift in Sources */ = {isa = PBXBuildFile; fileRef = 230BD48221BF543400503CD5 /* Singleton.swift */; };
		230BD4C921C0B47300503CD5 /* NavigationCustomView.swift in Sources */ = {isa = PBXBuildFile; fileRef = 230BD4C821C0B47300503CD5 /* NavigationCustomView.swift */; };
		230BD4CC21C0B4AB00503CD5 /* TopicButton.swift in Sources */ = {isa = PBXBuildFile; fileRef = 230BD4CB21C0B4AB00503CD5 /* TopicButton.swift */; };
		230BD4CE21C0BC2800503CD5 /* GameViewController.swift in Sources */ = {isa = PBXBuildFile; fileRef = 230BD4CD21C0BC2800503CD5 /* GameViewController.swift */; };
		230BD4D021C0C21B00503CD5 /* TopicViewController.swift in Sources */ = {isa = PBXBuildFile; fileRef = 230BD4CF21C0C21B00503CD5 /* TopicViewController.swift */; };
		230BD4D221C0CF4F00503CD5 /* GameTransitionBaseViewController.swift in Sources */ = {isa = PBXBuildFile; fileRef = 230BD4D121C0CF4F00503CD5 /* GameTransitionBaseViewController.swift */; };
		230BD4F921C7981000503CD5 /* CompleteArticleViewController.swift in Sources */ = {isa = PBXBuildFile; fileRef = 230BD4F821C7981000503CD5 /* CompleteArticleViewController.swift */; };
		230BD4FB21CCD89200503CD5 /* data.json in Resources */ = {isa = PBXBuildFile; fileRef = 230BD4FA21CCD89100503CD5 /* data.json */; };
		2357815A21ABF28F00338CB9 /* AppDelegate.swift in Sources */ = {isa = PBXBuildFile; fileRef = 2357815921ABF28F00338CB9 /* AppDelegate.swift */; };
		2357816121ABF29000338CB9 /* Assets.xcassets in Resources */ = {isa = PBXBuildFile; fileRef = 2357816021ABF29000338CB9 /* Assets.xcassets */; };
		2357816421ABF29000338CB9 /* LaunchScreen.storyboard in Resources */ = {isa = PBXBuildFile; fileRef = 2357816221ABF29000338CB9 /* LaunchScreen.storyboard */; };
		2357816F21ABF29000338CB9 /* WallPeckersTests.swift in Sources */ = {isa = PBXBuildFile; fileRef = 2357816E21ABF29000338CB9 /* WallPeckersTests.swift */; };
		2357817A21ABF29000338CB9 /* WallPeckersUITests.swift in Sources */ = {isa = PBXBuildFile; fileRef = 2357817921ABF29000338CB9 /* WallPeckersUITests.swift */; };
		2357818821ABF2AE00338CB9 /* StartViewController.swift in Sources */ = {isa = PBXBuildFile; fileRef = 2357818721ABF2AE00338CB9 /* StartViewController.swift */; };
		2357818A21ABF2B900338CB9 /* Main.storyboard in Resources */ = {isa = PBXBuildFile; fileRef = 2357818921ABF2B900338CB9 /* Main.storyboard */; };
		2357819021ABF2DA00338CB9 /* LeftPaddedTextField.swift in Sources */ = {isa = PBXBuildFile; fileRef = 2357818C21ABF2DA00338CB9 /* LeftPaddedTextField.swift */; };
		2357819121ABF2DA00338CB9 /* Standard.swift in Sources */ = {isa = PBXBuildFile; fileRef = 2357818D21ABF2DA00338CB9 /* Standard.swift */; };
		2357819221ABF2DA00338CB9 /* BaseVerticalScrollView.swift in Sources */ = {isa = PBXBuildFile; fileRef = 2357818E21ABF2DA00338CB9 /* BaseVerticalScrollView.swift */; };
		2357819321ABF2DA00338CB9 /* UIView_extension.swift in Sources */ = {isa = PBXBuildFile; fileRef = 2357818F21ABF2DA00338CB9 /* UIView_extension.swift */; };
		2357819521ABF47A00338CB9 /* PopUpView.swift in Sources */ = {isa = PBXBuildFile; fileRef = 2357819421ABF47A00338CB9 /* PopUpView.swift */; };
		23D86EFC21AFEC3E00CDC5B6 /* RegisterViewController.swift in Sources */ = {isa = PBXBuildFile; fileRef = 23D86EFB21AFEC3A00CDC5B6 /* RegisterViewController.swift */; };
		23D86EFF21AFF40900CDC5B6 /* Localizable.strings in Resources */ = {isa = PBXBuildFile; fileRef = 23D86F0121AFF40900CDC5B6 /* Localizable.strings */; };
		23D86F0921B1146900CDC5B6 /* UIViewController_extension.swift in Sources */ = {isa = PBXBuildFile; fileRef = 23D86F0821B1146900CDC5B6 /* UIViewController_extension.swift */; };
		23D86F0B21B11BC800CDC5B6 /* AfterRegisterViewController.swift in Sources */ = {isa = PBXBuildFile; fileRef = 23D86F0A21B11BC800CDC5B6 /* AfterRegisterViewController.swift */; };
		23D86F1521B125C700CDC5B6 /* notokr_regular.ttf in Resources */ = {isa = PBXBuildFile; fileRef = 23D86F0D21B125C700CDC5B6 /* notokr_regular.ttf */; };
		23D86F1621B125C700CDC5B6 /* american_typewriter_light.ttf in Resources */ = {isa = PBXBuildFile; fileRef = 23D86F0E21B125C700CDC5B6 /* american_typewriter_light.ttf */; };
		23D86F1721B125C700CDC5B6 /* notokr_medium.ttf in Resources */ = {isa = PBXBuildFile; fileRef = 23D86F0F21B125C700CDC5B6 /* notokr_medium.ttf */; };
		23D86F1821B125C700CDC5B6 /* american_typewriter_bold.ttf in Resources */ = {isa = PBXBuildFile; fileRef = 23D86F1021B125C700CDC5B6 /* american_typewriter_bold.ttf */; };
		23D86F1921B125C700CDC5B6 /* notokr_thin.ttf in Resources */ = {isa = PBXBuildFile; fileRef = 23D86F1121B125C700CDC5B6 /* notokr_thin.ttf */; };
		23D86F1A21B125C700CDC5B6 /* notokr_black.ttf in Resources */ = {isa = PBXBuildFile; fileRef = 23D86F1221B125C700CDC5B6 /* notokr_black.ttf */; };
		23D86F1B21B125C700CDC5B6 /* american_typewriter.ttf in Resources */ = {isa = PBXBuildFile; fileRef = 23D86F1321B125C700CDC5B6 /* american_typewriter.ttf */; };
		23D86F1C21B125C700CDC5B6 /* notokr_demilight.ttf in Resources */ = {isa = PBXBuildFile; fileRef = 23D86F1421B125C700CDC5B6 /* notokr_demilight.ttf */; };
		23D86F2021B125D300CDC5B6 /* data1.json in Resources */ = {isa = PBXBuildFile; fileRef = 23D86F1D21B125D300CDC5B6 /* data1.json */; };
		23D86F2121B125D300CDC5B6 /* loding.json in Resources */ = {isa = PBXBuildFile; fileRef = 23D86F1E21B125D300CDC5B6 /* loding.json */; };
		23D86F2221B125D300CDC5B6 /* game_press.xls in Resources */ = {isa = PBXBuildFile; fileRef = 23D86F1F21B125D300CDC5B6 /* game_press.xls */; };
		23D86F2421B1280200CDC5B6 /* User.swift in Sources */ = {isa = PBXBuildFile; fileRef = 23D86F2321B1280200CDC5B6 /* User.swift */; };
		23D86F2621B12C9E00CDC5B6 /* AlreadyRegisterViewController.swift in Sources */ = {isa = PBXBuildFile; fileRef = 23D86F2521B12C9E00CDC5B6 /* AlreadyRegisterViewController.swift */; };
		23D86F2921B1494100CDC5B6 /* Clue.swift in Sources */ = {isa = PBXBuildFile; fileRef = 23D86F2821B1494100CDC5B6 /* Clue.swift */; };
		23D86F2B21B1496F00CDC5B6 /* LocalLanguage.swift in Sources */ = {isa = PBXBuildFile; fileRef = 23D86F2A21B1496F00CDC5B6 /* LocalLanguage.swift */; };
		23D86F2D21B150DE00CDC5B6 /* Level.swift in Sources */ = {isa = PBXBuildFile; fileRef = 23D86F2C21B150DE00CDC5B6 /* Level.swift */; };
		23D86F2F21B1518B00CDC5B6 /* Section.swift in Sources */ = {isa = PBXBuildFile; fileRef = 23D86F2E21B1518B00CDC5B6 /* Section.swift */; };
		23D86F3121B1570000CDC5B6 /* Age.swift in Sources */ = {isa = PBXBuildFile; fileRef = 23D86F3021B1570000CDC5B6 /* Age.swift */; };
		23D86F3321B157DC00CDC5B6 /* Article.swift in Sources */ = {isa = PBXBuildFile; fileRef = 23D86F3221B157DC00CDC5B6 /* Article.swift */; };
		23D86F3521B1594700CDC5B6 /* ArticleLink.swift in Sources */ = {isa = PBXBuildFile; fileRef = 23D86F3421B1594700CDC5B6 /* ArticleLink.swift */; };
		23D86F3721B15DFE00CDC5B6 /* FIVE_W_ONE_HS.swift in Sources */ = {isa = PBXBuildFile; fileRef = 23D86F3621B15DFE00CDC5B6 /* FIVE_W_ONE_HS.swift */; };
		23D86F3921B4D74A00CDC5B6 /* MyPageViewController.swift in Sources */ = {isa = PBXBuildFile; fileRef = 23D86F3821B4D74A00CDC5B6 /* MyPageViewController.swift */; };
		23D86F3B21B4FA0900CDC5B6 /* TutorialViewController.swift in Sources */ = {isa = PBXBuildFile; fileRef = 23D86F3A21B4FA0900CDC5B6 /* TutorialViewController.swift */; };
		23D86F3D21B50DE700CDC5B6 /* Game.storyboard in Resources */ = {isa = PBXBuildFile; fileRef = 23D86F3C21B50DE700CDC5B6 /* Game.storyboard */; };
		27CF50B0274CFED5C6137941 /* Pods_WallPeckers.framework in Frameworks */ = {isa = PBXBuildFile; fileRef = 1D0997FD62F62E72A2ECCE9E /* Pods_WallPeckers.framework */; };
		63F7705580BD0081C031FC36 /* Pods_WallPeckersTests.framework in Frameworks */ = {isa = PBXBuildFile; fileRef = BEDA8DB709A58CD1F5D0B019 /* Pods_WallPeckersTests.framework */; };
		75FF39E521C2560300136D03 /* FactCheckViewController.swift in Sources */ = {isa = PBXBuildFile; fileRef = 75FF39E421C2560300136D03 /* FactCheckViewController.swift */; };
/* End PBXBuildFile section */

/* Begin PBXContainerItemProxy section */
		2357816B21ABF29000338CB9 /* PBXContainerItemProxy */ = {
			isa = PBXContainerItemProxy;
			containerPortal = 2357814E21ABF28F00338CB9 /* Project object */;
			proxyType = 1;
			remoteGlobalIDString = 2357815521ABF28F00338CB9;
			remoteInfo = WallPeckers;
		};
		2357817621ABF29000338CB9 /* PBXContainerItemProxy */ = {
			isa = PBXContainerItemProxy;
			containerPortal = 2357814E21ABF28F00338CB9 /* Project object */;
			proxyType = 1;
			remoteGlobalIDString = 2357815521ABF28F00338CB9;
			remoteInfo = WallPeckers;
		};
/* End PBXContainerItemProxy section */

/* Begin PBXFileReference section */
		0AA3C91735A775D042209DCC /* Pods-WallPeckersTests.release.xcconfig */ = {isa = PBXFileReference; includeInIndex = 1; lastKnownFileType = text.xcconfig; name = "Pods-WallPeckersTests.release.xcconfig"; path = "Target Support Files/Pods-WallPeckersTests/Pods-WallPeckersTests.release.xcconfig"; sourceTree = "<group>"; };
		1D0997FD62F62E72A2ECCE9E /* Pods_WallPeckers.framework */ = {isa = PBXFileReference; explicitFileType = wrapper.framework; includeInIndex = 0; path = Pods_WallPeckers.framework; sourceTree = BUILT_PRODUCTS_DIR; };
		230BD46E21BA102700503CD5 /* NotoSans-Regular.otf */ = {isa = PBXFileReference; lastKnownFileType = file; path = "NotoSans-Regular.otf"; sourceTree = "<group>"; };
		230BD46F21BA102800503CD5 /* NotoSans-Bold.otf */ = {isa = PBXFileReference; lastKnownFileType = file; path = "NotoSans-Bold.otf"; sourceTree = "<group>"; };
		230BD47021BA102800503CD5 /* NotoSans-Medium.otf */ = {isa = PBXFileReference; lastKnownFileType = file; path = "NotoSans-Medium.otf"; sourceTree = "<group>"; };
		230BD47821BA14BB00503CD5 /* UIColor+Additions.swift */ = {isa = PBXFileReference; fileEncoding = 4; lastKnownFileType = sourcecode.swift; path = "UIColor+Additions.swift"; sourceTree = "<group>"; };
		230BD47C21BA50FC00503CD5 /* ArticleChooseViewController.swift */ = {isa = PBXFileReference; lastKnownFileType = sourcecode.swift; path = ArticleChooseViewController.swift; sourceTree = "<group>"; };
		230BD47E21BA667100503CD5 /* ResultViewController.swift */ = {isa = PBXFileReference; lastKnownFileType = sourcecode.swift; path = ResultViewController.swift; sourceTree = "<group>"; };
		230BD48021BE47B600503CD5 /* ClueSelectViewController.swift */ = {isa = PBXFileReference; lastKnownFileType = sourcecode.swift; path = ClueSelectViewController.swift; sourceTree = "<group>"; };
		230BD48221BF543400503CD5 /* Singleton.swift */ = {isa = PBXFileReference; lastKnownFileType = sourcecode.swift; path = Singleton.swift; sourceTree = "<group>"; };
		230BD4C821C0B47300503CD5 /* NavigationCustomView.swift */ = {isa = PBXFileReference; lastKnownFileType = sourcecode.swift; path = NavigationCustomView.swift; sourceTree = "<group>"; };
		230BD4CB21C0B4AB00503CD5 /* TopicButton.swift */ = {isa = PBXFileReference; lastKnownFileType = sourcecode.swift; path = TopicButton.swift; sourceTree = "<group>"; };
		230BD4CD21C0BC2800503CD5 /* GameViewController.swift */ = {isa = PBXFileReference; lastKnownFileType = sourcecode.swift; path = GameViewController.swift; sourceTree = "<group>"; };
		230BD4CF21C0C21B00503CD5 /* TopicViewController.swift */ = {isa = PBXFileReference; lastKnownFileType = sourcecode.swift; path = TopicViewController.swift; sourceTree = "<group>"; };
		230BD4D121C0CF4F00503CD5 /* GameTransitionBaseViewController.swift */ = {isa = PBXFileReference; lastKnownFileType = sourcecode.swift; path = GameTransitionBaseViewController.swift; sourceTree = "<group>"; };
		230BD4F821C7981000503CD5 /* CompleteArticleViewController.swift */ = {isa = PBXFileReference; lastKnownFileType = sourcecode.swift; path = CompleteArticleViewController.swift; sourceTree = "<group>"; };
		230BD4FA21CCD89100503CD5 /* data.json */ = {isa = PBXFileReference; fileEncoding = 4; lastKnownFileType = text.json; path = data.json; sourceTree = "<group>"; };
		2357815621ABF28F00338CB9 /* WallPeckers.app */ = {isa = PBXFileReference; explicitFileType = wrapper.application; includeInIndex = 0; path = WallPeckers.app; sourceTree = BUILT_PRODUCTS_DIR; };
		2357815921ABF28F00338CB9 /* AppDelegate.swift */ = {isa = PBXFileReference; lastKnownFileType = sourcecode.swift; path = AppDelegate.swift; sourceTree = "<group>"; };
		2357816021ABF29000338CB9 /* Assets.xcassets */ = {isa = PBXFileReference; lastKnownFileType = folder.assetcatalog; path = Assets.xcassets; sourceTree = "<group>"; };
		2357816321ABF29000338CB9 /* Base */ = {isa = PBXFileReference; lastKnownFileType = file.storyboard; name = Base; path = Base.lproj/LaunchScreen.storyboard; sourceTree = "<group>"; };
		2357816521ABF29000338CB9 /* Info.plist */ = {isa = PBXFileReference; lastKnownFileType = text.plist.xml; path = Info.plist; sourceTree = "<group>"; };
		2357816A21ABF29000338CB9 /* WallPeckersTests.xctest */ = {isa = PBXFileReference; explicitFileType = wrapper.cfbundle; includeInIndex = 0; path = WallPeckersTests.xctest; sourceTree = BUILT_PRODUCTS_DIR; };
		2357816E21ABF29000338CB9 /* WallPeckersTests.swift */ = {isa = PBXFileReference; lastKnownFileType = sourcecode.swift; path = WallPeckersTests.swift; sourceTree = "<group>"; };
		2357817021ABF29000338CB9 /* Info.plist */ = {isa = PBXFileReference; lastKnownFileType = text.plist.xml; path = Info.plist; sourceTree = "<group>"; };
		2357817521ABF29000338CB9 /* WallPeckersUITests.xctest */ = {isa = PBXFileReference; explicitFileType = wrapper.cfbundle; includeInIndex = 0; path = WallPeckersUITests.xctest; sourceTree = BUILT_PRODUCTS_DIR; };
		2357817921ABF29000338CB9 /* WallPeckersUITests.swift */ = {isa = PBXFileReference; lastKnownFileType = sourcecode.swift; path = WallPeckersUITests.swift; sourceTree = "<group>"; };
		2357817B21ABF29000338CB9 /* Info.plist */ = {isa = PBXFileReference; lastKnownFileType = text.plist.xml; path = Info.plist; sourceTree = "<group>"; };
		2357818721ABF2AE00338CB9 /* StartViewController.swift */ = {isa = PBXFileReference; lastKnownFileType = sourcecode.swift; path = StartViewController.swift; sourceTree = "<group>"; };
		2357818921ABF2B900338CB9 /* Main.storyboard */ = {isa = PBXFileReference; lastKnownFileType = file.storyboard; path = Main.storyboard; sourceTree = "<group>"; };
		2357818C21ABF2DA00338CB9 /* LeftPaddedTextField.swift */ = {isa = PBXFileReference; fileEncoding = 4; lastKnownFileType = sourcecode.swift; path = LeftPaddedTextField.swift; sourceTree = "<group>"; };
		2357818D21ABF2DA00338CB9 /* Standard.swift */ = {isa = PBXFileReference; fileEncoding = 4; lastKnownFileType = sourcecode.swift; path = Standard.swift; sourceTree = "<group>"; };
		2357818E21ABF2DA00338CB9 /* BaseVerticalScrollView.swift */ = {isa = PBXFileReference; fileEncoding = 4; lastKnownFileType = sourcecode.swift; path = BaseVerticalScrollView.swift; sourceTree = "<group>"; };
		2357818F21ABF2DA00338CB9 /* UIView_extension.swift */ = {isa = PBXFileReference; fileEncoding = 4; lastKnownFileType = sourcecode.swift; path = UIView_extension.swift; sourceTree = "<group>"; };
		2357819421ABF47A00338CB9 /* PopUpView.swift */ = {isa = PBXFileReference; lastKnownFileType = sourcecode.swift; path = PopUpView.swift; sourceTree = "<group>"; };
		23D86EFB21AFEC3A00CDC5B6 /* RegisterViewController.swift */ = {isa = PBXFileReference; lastKnownFileType = sourcecode.swift; path = RegisterViewController.swift; sourceTree = "<group>"; };
		23D86F0021AFF40900CDC5B6 /* en */ = {isa = PBXFileReference; lastKnownFileType = text.plist.strings; name = en; path = en.lproj/Localizable.strings; sourceTree = "<group>"; };
		23D86F0421AFF43800CDC5B6 /* ko */ = {isa = PBXFileReference; lastKnownFileType = text.plist.strings; name = ko; path = ko.lproj/LaunchScreen.strings; sourceTree = "<group>"; };
		23D86F0521AFF43800CDC5B6 /* ko */ = {isa = PBXFileReference; lastKnownFileType = text.plist.strings; name = ko; path = ko.lproj/Localizable.strings; sourceTree = "<group>"; };
		23D86F0621AFF44000CDC5B6 /* de */ = {isa = PBXFileReference; lastKnownFileType = text.plist.strings; name = de; path = de.lproj/LaunchScreen.strings; sourceTree = "<group>"; };
		23D86F0721AFF44000CDC5B6 /* de */ = {isa = PBXFileReference; lastKnownFileType = text.plist.strings; name = de; path = de.lproj/Localizable.strings; sourceTree = "<group>"; };
		23D86F0821B1146900CDC5B6 /* UIViewController_extension.swift */ = {isa = PBXFileReference; lastKnownFileType = sourcecode.swift; path = UIViewController_extension.swift; sourceTree = "<group>"; };
		23D86F0A21B11BC800CDC5B6 /* AfterRegisterViewController.swift */ = {isa = PBXFileReference; lastKnownFileType = sourcecode.swift; path = AfterRegisterViewController.swift; sourceTree = "<group>"; };
		23D86F0D21B125C700CDC5B6 /* notokr_regular.ttf */ = {isa = PBXFileReference; lastKnownFileType = file; path = notokr_regular.ttf; sourceTree = "<group>"; };
		23D86F0E21B125C700CDC5B6 /* american_typewriter_light.ttf */ = {isa = PBXFileReference; lastKnownFileType = file; path = american_typewriter_light.ttf; sourceTree = "<group>"; };
		23D86F0F21B125C700CDC5B6 /* notokr_medium.ttf */ = {isa = PBXFileReference; lastKnownFileType = file; path = notokr_medium.ttf; sourceTree = "<group>"; };
		23D86F1021B125C700CDC5B6 /* american_typewriter_bold.ttf */ = {isa = PBXFileReference; lastKnownFileType = file; path = american_typewriter_bold.ttf; sourceTree = "<group>"; };
		23D86F1121B125C700CDC5B6 /* notokr_thin.ttf */ = {isa = PBXFileReference; lastKnownFileType = file; path = notokr_thin.ttf; sourceTree = "<group>"; };
		23D86F1221B125C700CDC5B6 /* notokr_black.ttf */ = {isa = PBXFileReference; lastKnownFileType = file; path = notokr_black.ttf; sourceTree = "<group>"; };
		23D86F1321B125C700CDC5B6 /* american_typewriter.ttf */ = {isa = PBXFileReference; lastKnownFileType = file; path = american_typewriter.ttf; sourceTree = "<group>"; };
		23D86F1421B125C700CDC5B6 /* notokr_demilight.ttf */ = {isa = PBXFileReference; lastKnownFileType = file; path = notokr_demilight.ttf; sourceTree = "<group>"; };
		23D86F1D21B125D300CDC5B6 /* data1.json */ = {isa = PBXFileReference; fileEncoding = 4; lastKnownFileType = text.json; path = data1.json; sourceTree = "<group>"; };
		23D86F1E21B125D300CDC5B6 /* loding.json */ = {isa = PBXFileReference; fileEncoding = 4; lastKnownFileType = text.json; path = loding.json; sourceTree = "<group>"; };
		23D86F1F21B125D300CDC5B6 /* game_press.xls */ = {isa = PBXFileReference; lastKnownFileType = file; path = game_press.xls; sourceTree = "<group>"; };
		23D86F2321B1280200CDC5B6 /* User.swift */ = {isa = PBXFileReference; lastKnownFileType = sourcecode.swift; path = User.swift; sourceTree = "<group>"; };
		23D86F2521B12C9E00CDC5B6 /* AlreadyRegisterViewController.swift */ = {isa = PBXFileReference; lastKnownFileType = sourcecode.swift; path = AlreadyRegisterViewController.swift; sourceTree = "<group>"; };
		23D86F2821B1494100CDC5B6 /* Clue.swift */ = {isa = PBXFileReference; lastKnownFileType = sourcecode.swift; path = Clue.swift; sourceTree = "<group>"; };
		23D86F2A21B1496F00CDC5B6 /* LocalLanguage.swift */ = {isa = PBXFileReference; lastKnownFileType = sourcecode.swift; path = LocalLanguage.swift; sourceTree = "<group>"; };
		23D86F2C21B150DE00CDC5B6 /* Level.swift */ = {isa = PBXFileReference; lastKnownFileType = sourcecode.swift; path = Level.swift; sourceTree = "<group>"; };
		23D86F2E21B1518B00CDC5B6 /* Section.swift */ = {isa = PBXFileReference; lastKnownFileType = sourcecode.swift; path = Section.swift; sourceTree = "<group>"; };
		23D86F3021B1570000CDC5B6 /* Age.swift */ = {isa = PBXFileReference; lastKnownFileType = sourcecode.swift; path = Age.swift; sourceTree = "<group>"; };
		23D86F3221B157DC00CDC5B6 /* Article.swift */ = {isa = PBXFileReference; lastKnownFileType = sourcecode.swift; path = Article.swift; sourceTree = "<group>"; };
		23D86F3421B1594700CDC5B6 /* ArticleLink.swift */ = {isa = PBXFileReference; lastKnownFileType = sourcecode.swift; path = ArticleLink.swift; sourceTree = "<group>"; };
		23D86F3621B15DFE00CDC5B6 /* FIVE_W_ONE_HS.swift */ = {isa = PBXFileReference; lastKnownFileType = sourcecode.swift; path = FIVE_W_ONE_HS.swift; sourceTree = "<group>"; };
		23D86F3821B4D74A00CDC5B6 /* MyPageViewController.swift */ = {isa = PBXFileReference; lastKnownFileType = sourcecode.swift; path = MyPageViewController.swift; sourceTree = "<group>"; };
		23D86F3A21B4FA0900CDC5B6 /* TutorialViewController.swift */ = {isa = PBXFileReference; lastKnownFileType = sourcecode.swift; path = TutorialViewController.swift; sourceTree = "<group>"; };
		23D86F3C21B50DE700CDC5B6 /* Game.storyboard */ = {isa = PBXFileReference; lastKnownFileType = file.storyboard; path = Game.storyboard; sourceTree = "<group>"; };
		49F5683513EC949641C5B431 /* Pods-WallPeckersTests.debug.xcconfig */ = {isa = PBXFileReference; includeInIndex = 1; lastKnownFileType = text.xcconfig; name = "Pods-WallPeckersTests.debug.xcconfig"; path = "Target Support Files/Pods-WallPeckersTests/Pods-WallPeckersTests.debug.xcconfig"; sourceTree = "<group>"; };
		4BDA4C6BCF9B2F1F789F276F /* Pods-WallPeckersUITests.debug.xcconfig */ = {isa = PBXFileReference; includeInIndex = 1; lastKnownFileType = text.xcconfig; name = "Pods-WallPeckersUITests.debug.xcconfig"; path = "Target Support Files/Pods-WallPeckersUITests/Pods-WallPeckersUITests.debug.xcconfig"; sourceTree = "<group>"; };
		75FF39E421C2560300136D03 /* FactCheckViewController.swift */ = {isa = PBXFileReference; lastKnownFileType = sourcecode.swift; path = FactCheckViewController.swift; sourceTree = "<group>"; };
		AFDE0B94297251E5C4707EB8 /* Pods-WallPeckers.debug.xcconfig */ = {isa = PBXFileReference; includeInIndex = 1; lastKnownFileType = text.xcconfig; name = "Pods-WallPeckers.debug.xcconfig"; path = "Target Support Files/Pods-WallPeckers/Pods-WallPeckers.debug.xcconfig"; sourceTree = "<group>"; };
		B6198233D5C2D9F782F81725 /* Pods-WallPeckers.release.xcconfig */ = {isa = PBXFileReference; includeInIndex = 1; lastKnownFileType = text.xcconfig; name = "Pods-WallPeckers.release.xcconfig"; path = "Target Support Files/Pods-WallPeckers/Pods-WallPeckers.release.xcconfig"; sourceTree = "<group>"; };
		BEDA8DB709A58CD1F5D0B019 /* Pods_WallPeckersTests.framework */ = {isa = PBXFileReference; explicitFileType = wrapper.framework; includeInIndex = 0; path = Pods_WallPeckersTests.framework; sourceTree = BUILT_PRODUCTS_DIR; };
		BFD062AFAF2A5F9093199AE7 /* Pods-WallPeckersUITests.release.xcconfig */ = {isa = PBXFileReference; includeInIndex = 1; lastKnownFileType = text.xcconfig; name = "Pods-WallPeckersUITests.release.xcconfig"; path = "Target Support Files/Pods-WallPeckersUITests/Pods-WallPeckersUITests.release.xcconfig"; sourceTree = "<group>"; };
		E1F1B913EF62A5E11FE0B6C2 /* Pods_WallPeckersUITests.framework */ = {isa = PBXFileReference; explicitFileType = wrapper.framework; includeInIndex = 0; path = Pods_WallPeckersUITests.framework; sourceTree = BUILT_PRODUCTS_DIR; };
/* End PBXFileReference section */

/* Begin PBXFrameworksBuildPhase section */
		2357815321ABF28F00338CB9 /* Frameworks */ = {
			isa = PBXFrameworksBuildPhase;
			buildActionMask = 2147483647;
			files = (
				27CF50B0274CFED5C6137941 /* Pods_WallPeckers.framework in Frameworks */,
			);
			runOnlyForDeploymentPostprocessing = 0;
		};
		2357816721ABF29000338CB9 /* Frameworks */ = {
			isa = PBXFrameworksBuildPhase;
			buildActionMask = 2147483647;
			files = (
				63F7705580BD0081C031FC36 /* Pods_WallPeckersTests.framework in Frameworks */,
			);
			runOnlyForDeploymentPostprocessing = 0;
		};
		2357817221ABF29000338CB9 /* Frameworks */ = {
			isa = PBXFrameworksBuildPhase;
			buildActionMask = 2147483647;
			files = (
				1A77E0E7310742AC8F283071 /* Pods_WallPeckersUITests.framework in Frameworks */,
			);
			runOnlyForDeploymentPostprocessing = 0;
		};
/* End PBXFrameworksBuildPhase section */

/* Begin PBXGroup section */
		230BD4CA21C0B47D00503CD5 /* CustomObject */ = {
			isa = PBXGroup;
			children = (
				230BD4C821C0B47300503CD5 /* NavigationCustomView.swift */,
				230BD4CB21C0B4AB00503CD5 /* TopicButton.swift */,
				2357819421ABF47A00338CB9 /* PopUpView.swift */,
			);
			path = CustomObject;
			sourceTree = "<group>";
		};
		2357814D21ABF28F00338CB9 = {
			isa = PBXGroup;
			children = (
				2357815821ABF28F00338CB9 /* WallPeckers */,
				2357816D21ABF29000338CB9 /* WallPeckersTests */,
				2357817821ABF29000338CB9 /* WallPeckersUITests */,
				2357815721ABF28F00338CB9 /* Products */,
				61594172B079B746AA14A2BC /* Pods */,
				DB1476A02BC49C452842D12F /* Frameworks */,
			);
			sourceTree = "<group>";
		};
		2357815721ABF28F00338CB9 /* Products */ = {
			isa = PBXGroup;
			children = (
				2357815621ABF28F00338CB9 /* WallPeckers.app */,
				2357816A21ABF29000338CB9 /* WallPeckersTests.xctest */,
				2357817521ABF29000338CB9 /* WallPeckersUITests.xctest */,
			);
			name = Products;
			sourceTree = "<group>";
		};
		2357815821ABF28F00338CB9 /* WallPeckers */ = {
			isa = PBXGroup;
			children = (
				2357818B21ABF2DA00338CB9 /* Extension */,
				2357815921ABF28F00338CB9 /* AppDelegate.swift */,
				230BD4CA21C0B47D00503CD5 /* CustomObject */,
				230BD48221BF543400503CD5 /* Singleton.swift */,
				23D86F2721B1391C00CDC5B6 /* Classes */,
				2357818721ABF2AE00338CB9 /* StartViewController.swift */,
				23D86F0A21B11BC800CDC5B6 /* AfterRegisterViewController.swift */,
				2357818921ABF2B900338CB9 /* Main.storyboard */,
				23D86F2521B12C9E00CDC5B6 /* AlreadyRegisterViewController.swift */,
				23D86F3821B4D74A00CDC5B6 /* MyPageViewController.swift */,
				23D86EFB21AFEC3A00CDC5B6 /* RegisterViewController.swift */,
				230BD4CF21C0C21B00503CD5 /* TopicViewController.swift */,
				23D86F3A21B4FA0900CDC5B6 /* TutorialViewController.swift */,
				23D86F3C21B50DE700CDC5B6 /* Game.storyboard */,
				230BD47C21BA50FC00503CD5 /* ArticleChooseViewController.swift */,
				75FF39E421C2560300136D03 /* FactCheckViewController.swift */,
				230BD4F821C7981000503CD5 /* CompleteArticleViewController.swift */,
				230BD4D121C0CF4F00503CD5 /* GameTransitionBaseViewController.swift */,
				230BD4CD21C0BC2800503CD5 /* GameViewController.swift */,
				230BD48021BE47B600503CD5 /* ClueSelectViewController.swift */,
				230BD47E21BA667100503CD5 /* ResultViewController.swift */,
				2357816021ABF29000338CB9 /* Assets.xcassets */,
				2357816221ABF29000338CB9 /* LaunchScreen.storyboard */,
				2357816521ABF29000338CB9 /* Info.plist */,
				23D86F1D21B125D300CDC5B6 /* data1.json */,
				230BD4FA21CCD89100503CD5 /* data.json */,
				23D86F1F21B125D300CDC5B6 /* game_press.xls */,
				23D86F1E21B125D300CDC5B6 /* loding.json */,
				23D86F0C21B125C700CDC5B6 /* font */,
			);
			path = WallPeckers;
			sourceTree = "<group>";
		};
		2357816D21ABF29000338CB9 /* WallPeckersTests */ = {
			isa = PBXGroup;
			children = (
				2357816E21ABF29000338CB9 /* WallPeckersTests.swift */,
				2357817021ABF29000338CB9 /* Info.plist */,
			);
			path = WallPeckersTests;
			sourceTree = "<group>";
		};
		2357817821ABF29000338CB9 /* WallPeckersUITests */ = {
			isa = PBXGroup;
			children = (
				2357817921ABF29000338CB9 /* WallPeckersUITests.swift */,
				2357817B21ABF29000338CB9 /* Info.plist */,
			);
			path = WallPeckersUITests;
			sourceTree = "<group>";
		};
		2357818B21ABF2DA00338CB9 /* Extension */ = {
			isa = PBXGroup;
			children = (
				2357818C21ABF2DA00338CB9 /* LeftPaddedTextField.swift */,
				23D86F0121AFF40900CDC5B6 /* Localizable.strings */,
				2357818D21ABF2DA00338CB9 /* Standard.swift */,
				2357818E21ABF2DA00338CB9 /* BaseVerticalScrollView.swift */,
				2357818F21ABF2DA00338CB9 /* UIView_extension.swift */,
				230BD47821BA14BB00503CD5 /* UIColor+Additions.swift */,
				23D86F0821B1146900CDC5B6 /* UIViewController_extension.swift */,
			);
			path = Extension;
			sourceTree = "<group>";
		};
		23D86F0C21B125C700CDC5B6 /* font */ = {
			isa = PBXGroup;
			children = (
				230BD46F21BA102800503CD5 /* NotoSans-Bold.otf */,
				230BD47021BA102800503CD5 /* NotoSans-Medium.otf */,
				230BD46E21BA102700503CD5 /* NotoSans-Regular.otf */,
				23D86F0D21B125C700CDC5B6 /* notokr_regular.ttf */,
				23D86F0E21B125C700CDC5B6 /* american_typewriter_light.ttf */,
				23D86F0F21B125C700CDC5B6 /* notokr_medium.ttf */,
				23D86F1021B125C700CDC5B6 /* american_typewriter_bold.ttf */,
				23D86F1121B125C700CDC5B6 /* notokr_thin.ttf */,
				23D86F1221B125C700CDC5B6 /* notokr_black.ttf */,
				23D86F1321B125C700CDC5B6 /* american_typewriter.ttf */,
				23D86F1421B125C700CDC5B6 /* notokr_demilight.ttf */,
			);
			path = font;
			sourceTree = "<group>";
		};
		23D86F2721B1391C00CDC5B6 /* Classes */ = {
			isa = PBXGroup;
			children = (
				23D86F2321B1280200CDC5B6 /* User.swift */,
				23D86F2821B1494100CDC5B6 /* Clue.swift */,
				23D86F2A21B1496F00CDC5B6 /* LocalLanguage.swift */,
				23D86F2C21B150DE00CDC5B6 /* Level.swift */,
				23D86F2E21B1518B00CDC5B6 /* Section.swift */,
				23D86F3021B1570000CDC5B6 /* Age.swift */,
				23D86F3221B157DC00CDC5B6 /* Article.swift */,
				23D86F3421B1594700CDC5B6 /* ArticleLink.swift */,
				23D86F3621B15DFE00CDC5B6 /* FIVE_W_ONE_HS.swift */,
			);
			path = Classes;
			sourceTree = "<group>";
		};
		61594172B079B746AA14A2BC /* Pods */ = {
			isa = PBXGroup;
			children = (
				AFDE0B94297251E5C4707EB8 /* Pods-WallPeckers.debug.xcconfig */,
				B6198233D5C2D9F782F81725 /* Pods-WallPeckers.release.xcconfig */,
				49F5683513EC949641C5B431 /* Pods-WallPeckersTests.debug.xcconfig */,
				0AA3C91735A775D042209DCC /* Pods-WallPeckersTests.release.xcconfig */,
				4BDA4C6BCF9B2F1F789F276F /* Pods-WallPeckersUITests.debug.xcconfig */,
				BFD062AFAF2A5F9093199AE7 /* Pods-WallPeckersUITests.release.xcconfig */,
			);
			path = Pods;
			sourceTree = "<group>";
		};
		DB1476A02BC49C452842D12F /* Frameworks */ = {
			isa = PBXGroup;
			children = (
				1D0997FD62F62E72A2ECCE9E /* Pods_WallPeckers.framework */,
				BEDA8DB709A58CD1F5D0B019 /* Pods_WallPeckersTests.framework */,
				E1F1B913EF62A5E11FE0B6C2 /* Pods_WallPeckersUITests.framework */,
			);
			name = Frameworks;
			sourceTree = "<group>";
		};
/* End PBXGroup section */

/* Begin PBXNativeTarget section */
		2357815521ABF28F00338CB9 /* WallPeckers */ = {
			isa = PBXNativeTarget;
			buildConfigurationList = 2357817E21ABF29000338CB9 /* Build configuration list for PBXNativeTarget "WallPeckers" */;
			buildPhases = (
				F4A2A364E2ED9C395EE51B3B /* [CP] Check Pods Manifest.lock */,
				2357815221ABF28F00338CB9 /* Sources */,
				2357815321ABF28F00338CB9 /* Frameworks */,
				2357815421ABF28F00338CB9 /* Resources */,
				0A93A1AE5A2FAC8357003A09 /* [CP] Embed Pods Frameworks */,
			);
			buildRules = (
			);
			dependencies = (
			);
			name = WallPeckers;
			productName = WallPeckers;
			productReference = 2357815621ABF28F00338CB9 /* WallPeckers.app */;
			productType = "com.apple.product-type.application";
		};
		2357816921ABF29000338CB9 /* WallPeckersTests */ = {
			isa = PBXNativeTarget;
			buildConfigurationList = 2357818121ABF29000338CB9 /* Build configuration list for PBXNativeTarget "WallPeckersTests" */;
			buildPhases = (
				C592847364BDDB94CB75F476 /* [CP] Check Pods Manifest.lock */,
				2357816621ABF29000338CB9 /* Sources */,
				2357816721ABF29000338CB9 /* Frameworks */,
				2357816821ABF29000338CB9 /* Resources */,
			);
			buildRules = (
			);
			dependencies = (
				2357816C21ABF29000338CB9 /* PBXTargetDependency */,
			);
			name = WallPeckersTests;
			productName = WallPeckersTests;
			productReference = 2357816A21ABF29000338CB9 /* WallPeckersTests.xctest */;
			productType = "com.apple.product-type.bundle.unit-test";
		};
		2357817421ABF29000338CB9 /* WallPeckersUITests */ = {
			isa = PBXNativeTarget;
			buildConfigurationList = 2357818421ABF29000338CB9 /* Build configuration list for PBXNativeTarget "WallPeckersUITests" */;
			buildPhases = (
				F7CE194603A21BC423356ACB /* [CP] Check Pods Manifest.lock */,
				2357817121ABF29000338CB9 /* Sources */,
				2357817221ABF29000338CB9 /* Frameworks */,
				2357817321ABF29000338CB9 /* Resources */,
			);
			buildRules = (
			);
			dependencies = (
				2357817721ABF29000338CB9 /* PBXTargetDependency */,
			);
			name = WallPeckersUITests;
			productName = WallPeckersUITests;
			productReference = 2357817521ABF29000338CB9 /* WallPeckersUITests.xctest */;
			productType = "com.apple.product-type.bundle.ui-testing";
		};
/* End PBXNativeTarget section */

/* Begin PBXProject section */
		2357814E21ABF28F00338CB9 /* Project object */ = {
			isa = PBXProject;
			attributes = {
				LastSwiftUpdateCheck = 1010;
				LastUpgradeCheck = 1010;
				ORGANIZATIONNAME = "KimJimin and Company";
				TargetAttributes = {
					2357815521ABF28F00338CB9 = {
						CreatedOnToolsVersion = 10.1;
					};
					2357816921ABF29000338CB9 = {
						CreatedOnToolsVersion = 10.1;
						TestTargetID = 2357815521ABF28F00338CB9;
					};
					2357817421ABF29000338CB9 = {
						CreatedOnToolsVersion = 10.1;
						TestTargetID = 2357815521ABF28F00338CB9;
					};
				};
			};
			buildConfigurationList = 2357815121ABF28F00338CB9 /* Build configuration list for PBXProject "WallPeckers" */;
			compatibilityVersion = "Xcode 9.3";
			developmentRegion = en;
			hasScannedForEncodings = 0;
			knownRegions = (
				en,
				Base,
				ko,
				de,
			);
			mainGroup = 2357814D21ABF28F00338CB9;
			productRefGroup = 2357815721ABF28F00338CB9 /* Products */;
			projectDirPath = "";
			projectRoot = "";
			targets = (
				2357815521ABF28F00338CB9 /* WallPeckers */,
				2357816921ABF29000338CB9 /* WallPeckersTests */,
				2357817421ABF29000338CB9 /* WallPeckersUITests */,
			);
		};
/* End PBXProject section */

/* Begin PBXResourcesBuildPhase section */
		2357815421ABF28F00338CB9 /* Resources */ = {
			isa = PBXResourcesBuildPhase;
			buildActionMask = 2147483647;
			files = (
				23D86F3D21B50DE700CDC5B6 /* Game.storyboard in Resources */,
				23D86F2221B125D300CDC5B6 /* game_press.xls in Resources */,
				2357818A21ABF2B900338CB9 /* Main.storyboard in Resources */,
				230BD4FB21CCD89200503CD5 /* data.json in Resources */,
				230BD47221BA102800503CD5 /* NotoSans-Bold.otf in Resources */,
				23D86F1721B125C700CDC5B6 /* notokr_medium.ttf in Resources */,
				230BD47121BA102800503CD5 /* NotoSans-Regular.otf in Resources */,
				23D86EFF21AFF40900CDC5B6 /* Localizable.strings in Resources */,
				23D86F2021B125D300CDC5B6 /* data1.json in Resources */,
				23D86F2121B125D300CDC5B6 /* loding.json in Resources */,
				23D86F1621B125C700CDC5B6 /* american_typewriter_light.ttf in Resources */,
				23D86F1B21B125C700CDC5B6 /* american_typewriter.ttf in Resources */,
				23D86F1521B125C700CDC5B6 /* notokr_regular.ttf in Resources */,
				2357816421ABF29000338CB9 /* LaunchScreen.storyboard in Resources */,
				23D86F1C21B125C700CDC5B6 /* notokr_demilight.ttf in Resources */,
				23D86F1921B125C700CDC5B6 /* notokr_thin.ttf in Resources */,
				23D86F1821B125C700CDC5B6 /* american_typewriter_bold.ttf in Resources */,
				230BD47321BA102800503CD5 /* NotoSans-Medium.otf in Resources */,
				2357816121ABF29000338CB9 /* Assets.xcassets in Resources */,
				23D86F1A21B125C700CDC5B6 /* notokr_black.ttf in Resources */,
			);
			runOnlyForDeploymentPostprocessing = 0;
		};
		2357816821ABF29000338CB9 /* Resources */ = {
			isa = PBXResourcesBuildPhase;
			buildActionMask = 2147483647;
			files = (
				230BD47621BA12A500503CD5 /* notokr_regular.ttf in Resources */,
				230BD47421BA128700503CD5 /* NotoSans-Bold.otf in Resources */,
			);
			runOnlyForDeploymentPostprocessing = 0;
		};
		2357817321ABF29000338CB9 /* Resources */ = {
			isa = PBXResourcesBuildPhase;
			buildActionMask = 2147483647;
			files = (
				230BD47721BA12A500503CD5 /* notokr_regular.ttf in Resources */,
				230BD47521BA128800503CD5 /* NotoSans-Bold.otf in Resources */,
			);
			runOnlyForDeploymentPostprocessing = 0;
		};
/* End PBXResourcesBuildPhase section */

/* Begin PBXShellScriptBuildPhase section */
		0A93A1AE5A2FAC8357003A09 /* [CP] Embed Pods Frameworks */ = {
			isa = PBXShellScriptBuildPhase;
			buildActionMask = 2147483647;
			files = (
			);
			inputFileListPaths = (
			);
			inputPaths = (
				"${PODS_ROOT}/Target Support Files/Pods-WallPeckers/Pods-WallPeckers-frameworks.sh",
				"${BUILT_PRODUCTS_DIR}/Alamofire/Alamofire.framework",
				"${BUILT_PRODUCTS_DIR}/AloeStackView/AloeStackView.framework",
				"${BUILT_PRODUCTS_DIR}/Kingfisher/Kingfisher.framework",
				"${BUILT_PRODUCTS_DIR}/ObjectMapper/ObjectMapper.framework",
				"${BUILT_PRODUCTS_DIR}/Realm/Realm.framework",
				"${BUILT_PRODUCTS_DIR}/RealmSwift/RealmSwift.framework",
				"${BUILT_PRODUCTS_DIR}/SnapKit/SnapKit.framework",
				"${BUILT_PRODUCTS_DIR}/SwiftyJSON/SwiftyJSON.framework",
			);
			name = "[CP] Embed Pods Frameworks";
			outputFileListPaths = (
			);
			outputPaths = (
				"${TARGET_BUILD_DIR}/${FRAMEWORKS_FOLDER_PATH}/Alamofire.framework",
				"${TARGET_BUILD_DIR}/${FRAMEWORKS_FOLDER_PATH}/AloeStackView.framework",
				"${TARGET_BUILD_DIR}/${FRAMEWORKS_FOLDER_PATH}/Kingfisher.framework",
				"${TARGET_BUILD_DIR}/${FRAMEWORKS_FOLDER_PATH}/ObjectMapper.framework",
				"${TARGET_BUILD_DIR}/${FRAMEWORKS_FOLDER_PATH}/Realm.framework",
				"${TARGET_BUILD_DIR}/${FRAMEWORKS_FOLDER_PATH}/RealmSwift.framework",
				"${TARGET_BUILD_DIR}/${FRAMEWORKS_FOLDER_PATH}/SnapKit.framework",
				"${TARGET_BUILD_DIR}/${FRAMEWORKS_FOLDER_PATH}/SwiftyJSON.framework",
			);
			runOnlyForDeploymentPostprocessing = 0;
			shellPath = /bin/sh;
			shellScript = "\"${PODS_ROOT}/Target Support Files/Pods-WallPeckers/Pods-WallPeckers-frameworks.sh\"\n";
			showEnvVarsInLog = 0;
		};
		C592847364BDDB94CB75F476 /* [CP] Check Pods Manifest.lock */ = {
			isa = PBXShellScriptBuildPhase;
			buildActionMask = 2147483647;
			files = (
			);
			inputFileListPaths = (
			);
			inputPaths = (
				"${PODS_PODFILE_DIR_PATH}/Podfile.lock",
				"${PODS_ROOT}/Manifest.lock",
			);
			name = "[CP] Check Pods Manifest.lock";
			outputFileListPaths = (
			);
			outputPaths = (
				"$(DERIVED_FILE_DIR)/Pods-WallPeckersTests-checkManifestLockResult.txt",
			);
			runOnlyForDeploymentPostprocessing = 0;
			shellPath = /bin/sh;
			shellScript = "diff \"${PODS_PODFILE_DIR_PATH}/Podfile.lock\" \"${PODS_ROOT}/Manifest.lock\" > /dev/null\nif [ $? != 0 ] ; then\n    # print error to STDERR\n    echo \"error: The sandbox is not in sync with the Podfile.lock. Run 'pod install' or update your CocoaPods installation.\" >&2\n    exit 1\nfi\n# This output is used by Xcode 'outputs' to avoid re-running this script phase.\necho \"SUCCESS\" > \"${SCRIPT_OUTPUT_FILE_0}\"\n";
			showEnvVarsInLog = 0;
		};
		F4A2A364E2ED9C395EE51B3B /* [CP] Check Pods Manifest.lock */ = {
			isa = PBXShellScriptBuildPhase;
			buildActionMask = 2147483647;
			files = (
			);
			inputFileListPaths = (
			);
			inputPaths = (
				"${PODS_PODFILE_DIR_PATH}/Podfile.lock",
				"${PODS_ROOT}/Manifest.lock",
			);
			name = "[CP] Check Pods Manifest.lock";
			outputFileListPaths = (
			);
			outputPaths = (
				"$(DERIVED_FILE_DIR)/Pods-WallPeckers-checkManifestLockResult.txt",
			);
			runOnlyForDeploymentPostprocessing = 0;
			shellPath = /bin/sh;
			shellScript = "diff \"${PODS_PODFILE_DIR_PATH}/Podfile.lock\" \"${PODS_ROOT}/Manifest.lock\" > /dev/null\nif [ $? != 0 ] ; then\n    # print error to STDERR\n    echo \"error: The sandbox is not in sync with the Podfile.lock. Run 'pod install' or update your CocoaPods installation.\" >&2\n    exit 1\nfi\n# This output is used by Xcode 'outputs' to avoid re-running this script phase.\necho \"SUCCESS\" > \"${SCRIPT_OUTPUT_FILE_0}\"\n";
			showEnvVarsInLog = 0;
		};
		F7CE194603A21BC423356ACB /* [CP] Check Pods Manifest.lock */ = {
			isa = PBXShellScriptBuildPhase;
			buildActionMask = 2147483647;
			files = (
			);
			inputFileListPaths = (
			);
			inputPaths = (
				"${PODS_PODFILE_DIR_PATH}/Podfile.lock",
				"${PODS_ROOT}/Manifest.lock",
			);
			name = "[CP] Check Pods Manifest.lock";
			outputFileListPaths = (
			);
			outputPaths = (
				"$(DERIVED_FILE_DIR)/Pods-WallPeckersUITests-checkManifestLockResult.txt",
			);
			runOnlyForDeploymentPostprocessing = 0;
			shellPath = /bin/sh;
			shellScript = "diff \"${PODS_PODFILE_DIR_PATH}/Podfile.lock\" \"${PODS_ROOT}/Manifest.lock\" > /dev/null\nif [ $? != 0 ] ; then\n    # print error to STDERR\n    echo \"error: The sandbox is not in sync with the Podfile.lock. Run 'pod install' or update your CocoaPods installation.\" >&2\n    exit 1\nfi\n# This output is used by Xcode 'outputs' to avoid re-running this script phase.\necho \"SUCCESS\" > \"${SCRIPT_OUTPUT_FILE_0}\"\n";
			showEnvVarsInLog = 0;
		};
/* End PBXShellScriptBuildPhase section */

/* Begin PBXSourcesBuildPhase section */
		2357815221ABF28F00338CB9 /* Sources */ = {
			isa = PBXSourcesBuildPhase;
			buildActionMask = 2147483647;
			files = (
				230BD4CE21C0BC2800503CD5 /* GameViewController.swift in Sources */,
				23D86F2621B12C9E00CDC5B6 /* AlreadyRegisterViewController.swift in Sources */,
				230BD48321BF543400503CD5 /* Singleton.swift in Sources */,
				2357819521ABF47A00338CB9 /* PopUpView.swift in Sources */,
				230BD4CC21C0B4AB00503CD5 /* TopicButton.swift in Sources */,
				23D86F3321B157DC00CDC5B6 /* Article.swift in Sources */,
				2357815A21ABF28F00338CB9 /* AppDelegate.swift in Sources */,
				230BD47D21BA50FC00503CD5 /* ArticleChooseViewController.swift in Sources */,
				23D86F2D21B150DE00CDC5B6 /* Level.swift in Sources */,
				2357818821ABF2AE00338CB9 /* StartViewController.swift in Sources */,
				23D86EFC21AFEC3E00CDC5B6 /* RegisterViewController.swift in Sources */,
				23D86F3121B1570000CDC5B6 /* Age.swift in Sources */,
				23D86F0B21B11BC800CDC5B6 /* AfterRegisterViewController.swift in Sources */,
				230BD48121BE47B600503CD5 /* ClueSelectViewController.swift in Sources */,
				2357819321ABF2DA00338CB9 /* UIView_extension.swift in Sources */,
				2357819121ABF2DA00338CB9 /* Standard.swift in Sources */,
				2357819021ABF2DA00338CB9 /* LeftPaddedTextField.swift in Sources */,
				230BD4C921C0B47300503CD5 /* NavigationCustomView.swift in Sources */,
				75FF39E521C2560300136D03 /* FactCheckViewController.swift in Sources */,
				230BD47F21BA667100503CD5 /* ResultViewController.swift in Sources */,
				230BD4F921C7981000503CD5 /* CompleteArticleViewController.swift in Sources */,
				23D86F3521B1594700CDC5B6 /* ArticleLink.swift in Sources */,
				23D86F3721B15DFE00CDC5B6 /* FIVE_W_ONE_HS.swift in Sources */,
				23D86F2B21B1496F00CDC5B6 /* LocalLanguage.swift in Sources */,
				23D86F0921B1146900CDC5B6 /* UIViewController_extension.swift in Sources */,
				230BD4D021C0C21B00503CD5 /* TopicViewController.swift in Sources */,
				23D86F3921B4D74A00CDC5B6 /* MyPageViewController.swift in Sources */,
				230BD47921BA14BB00503CD5 /* UIColor+Additions.swift in Sources */,
				23D86F2921B1494100CDC5B6 /* Clue.swift in Sources */,
				23D86F2F21B1518B00CDC5B6 /* Section.swift in Sources */,
				2357819221ABF2DA00338CB9 /* BaseVerticalScrollView.swift in Sources */,
				230BD4D221C0CF4F00503CD5 /* GameTransitionBaseViewController.swift in Sources */,
				23D86F3B21B4FA0900CDC5B6 /* TutorialViewController.swift in Sources */,
				23D86F2421B1280200CDC5B6 /* User.swift in Sources */,
			);
			runOnlyForDeploymentPostprocessing = 0;
		};
		2357816621ABF29000338CB9 /* Sources */ = {
			isa = PBXSourcesBuildPhase;
			buildActionMask = 2147483647;
			files = (
				2357816F21ABF29000338CB9 /* WallPeckersTests.swift in Sources */,
			);
			runOnlyForDeploymentPostprocessing = 0;
		};
		2357817121ABF29000338CB9 /* Sources */ = {
			isa = PBXSourcesBuildPhase;
			buildActionMask = 2147483647;
			files = (
				2357817A21ABF29000338CB9 /* WallPeckersUITests.swift in Sources */,
			);
			runOnlyForDeploymentPostprocessing = 0;
		};
/* End PBXSourcesBuildPhase section */

/* Begin PBXTargetDependency section */
		2357816C21ABF29000338CB9 /* PBXTargetDependency */ = {
			isa = PBXTargetDependency;
			target = 2357815521ABF28F00338CB9 /* WallPeckers */;
			targetProxy = 2357816B21ABF29000338CB9 /* PBXContainerItemProxy */;
		};
		2357817721ABF29000338CB9 /* PBXTargetDependency */ = {
			isa = PBXTargetDependency;
			target = 2357815521ABF28F00338CB9 /* WallPeckers */;
			targetProxy = 2357817621ABF29000338CB9 /* PBXContainerItemProxy */;
		};
/* End PBXTargetDependency section */

/* Begin PBXVariantGroup section */
		2357816221ABF29000338CB9 /* LaunchScreen.storyboard */ = {
			isa = PBXVariantGroup;
			children = (
				2357816321ABF29000338CB9 /* Base */,
				23D86F0421AFF43800CDC5B6 /* ko */,
				23D86F0621AFF44000CDC5B6 /* de */,
			);
			name = LaunchScreen.storyboard;
			sourceTree = "<group>";
		};
		23D86F0121AFF40900CDC5B6 /* Localizable.strings */ = {
			isa = PBXVariantGroup;
			children = (
				23D86F0021AFF40900CDC5B6 /* en */,
				23D86F0521AFF43800CDC5B6 /* ko */,
				23D86F0721AFF44000CDC5B6 /* de */,
			);
			name = Localizable.strings;
			sourceTree = "<group>";
		};
/* End PBXVariantGroup section */

/* Begin XCBuildConfiguration section */
		2357817C21ABF29000338CB9 /* Debug */ = {
			isa = XCBuildConfiguration;
			buildSettings = {
				ALWAYS_SEARCH_USER_PATHS = NO;
				CLANG_ANALYZER_LOCALIZABILITY_NONLOCALIZED = YES;
				CLANG_ANALYZER_NONNULL = YES;
				CLANG_ANALYZER_NUMBER_OBJECT_CONVERSION = YES_AGGRESSIVE;
				CLANG_CXX_LANGUAGE_STANDARD = "gnu++14";
				CLANG_CXX_LIBRARY = "libc++";
				CLANG_ENABLE_MODULES = YES;
				CLANG_ENABLE_OBJC_ARC = YES;
				CLANG_ENABLE_OBJC_WEAK = YES;
				CLANG_WARN_BLOCK_CAPTURE_AUTORELEASING = YES;
				CLANG_WARN_BOOL_CONVERSION = YES;
				CLANG_WARN_COMMA = YES;
				CLANG_WARN_CONSTANT_CONVERSION = YES;
				CLANG_WARN_DEPRECATED_OBJC_IMPLEMENTATIONS = YES;
				CLANG_WARN_DIRECT_OBJC_ISA_USAGE = YES_ERROR;
				CLANG_WARN_DOCUMENTATION_COMMENTS = YES;
				CLANG_WARN_EMPTY_BODY = YES;
				CLANG_WARN_ENUM_CONVERSION = YES;
				CLANG_WARN_INFINITE_RECURSION = YES;
				CLANG_WARN_INT_CONVERSION = YES;
				CLANG_WARN_NON_LITERAL_NULL_CONVERSION = YES;
				CLANG_WARN_OBJC_IMPLICIT_RETAIN_SELF = YES;
				CLANG_WARN_OBJC_LITERAL_CONVERSION = YES;
				CLANG_WARN_OBJC_ROOT_CLASS = YES_ERROR;
				CLANG_WARN_RANGE_LOOP_ANALYSIS = YES;
				CLANG_WARN_STRICT_PROTOTYPES = YES;
				CLANG_WARN_SUSPICIOUS_MOVE = YES;
				CLANG_WARN_UNGUARDED_AVAILABILITY = YES_AGGRESSIVE;
				CLANG_WARN_UNREACHABLE_CODE = YES;
				CLANG_WARN__DUPLICATE_METHOD_MATCH = YES;
				CODE_SIGN_IDENTITY = "iPhone Developer";
				COPY_PHASE_STRIP = NO;
				DEBUG_INFORMATION_FORMAT = dwarf;
				ENABLE_STRICT_OBJC_MSGSEND = YES;
				ENABLE_TESTABILITY = YES;
				GCC_C_LANGUAGE_STANDARD = gnu11;
				GCC_DYNAMIC_NO_PIC = NO;
				GCC_NO_COMMON_BLOCKS = YES;
				GCC_OPTIMIZATION_LEVEL = 0;
				GCC_PREPROCESSOR_DEFINITIONS = (
					"DEBUG=1",
					"$(inherited)",
				);
				GCC_WARN_64_TO_32_BIT_CONVERSION = YES;
				GCC_WARN_ABOUT_RETURN_TYPE = YES_ERROR;
				GCC_WARN_UNDECLARED_SELECTOR = YES;
				GCC_WARN_UNINITIALIZED_AUTOS = YES_AGGRESSIVE;
				GCC_WARN_UNUSED_FUNCTION = YES;
				GCC_WARN_UNUSED_VARIABLE = YES;
				IPHONEOS_DEPLOYMENT_TARGET = 10.0;
				MTL_ENABLE_DEBUG_INFO = INCLUDE_SOURCE;
				MTL_FAST_MATH = YES;
				ONLY_ACTIVE_ARCH = YES;
				SDKROOT = iphoneos;
				SWIFT_ACTIVE_COMPILATION_CONDITIONS = DEBUG;
				SWIFT_OPTIMIZATION_LEVEL = "-Onone";
			};
			name = Debug;
		};
		2357817D21ABF29000338CB9 /* Release */ = {
			isa = XCBuildConfiguration;
			buildSettings = {
				ALWAYS_SEARCH_USER_PATHS = NO;
				CLANG_ANALYZER_LOCALIZABILITY_NONLOCALIZED = YES;
				CLANG_ANALYZER_NONNULL = YES;
				CLANG_ANALYZER_NUMBER_OBJECT_CONVERSION = YES_AGGRESSIVE;
				CLANG_CXX_LANGUAGE_STANDARD = "gnu++14";
				CLANG_CXX_LIBRARY = "libc++";
				CLANG_ENABLE_MODULES = YES;
				CLANG_ENABLE_OBJC_ARC = YES;
				CLANG_ENABLE_OBJC_WEAK = YES;
				CLANG_WARN_BLOCK_CAPTURE_AUTORELEASING = YES;
				CLANG_WARN_BOOL_CONVERSION = YES;
				CLANG_WARN_COMMA = YES;
				CLANG_WARN_CONSTANT_CONVERSION = YES;
				CLANG_WARN_DEPRECATED_OBJC_IMPLEMENTATIONS = YES;
				CLANG_WARN_DIRECT_OBJC_ISA_USAGE = YES_ERROR;
				CLANG_WARN_DOCUMENTATION_COMMENTS = YES;
				CLANG_WARN_EMPTY_BODY = YES;
				CLANG_WARN_ENUM_CONVERSION = YES;
				CLANG_WARN_INFINITE_RECURSION = YES;
				CLANG_WARN_INT_CONVERSION = YES;
				CLANG_WARN_NON_LITERAL_NULL_CONVERSION = YES;
				CLANG_WARN_OBJC_IMPLICIT_RETAIN_SELF = YES;
				CLANG_WARN_OBJC_LITERAL_CONVERSION = YES;
				CLANG_WARN_OBJC_ROOT_CLASS = YES_ERROR;
				CLANG_WARN_RANGE_LOOP_ANALYSIS = YES;
				CLANG_WARN_STRICT_PROTOTYPES = YES;
				CLANG_WARN_SUSPICIOUS_MOVE = YES;
				CLANG_WARN_UNGUARDED_AVAILABILITY = YES_AGGRESSIVE;
				CLANG_WARN_UNREACHABLE_CODE = YES;
				CLANG_WARN__DUPLICATE_METHOD_MATCH = YES;
				CODE_SIGN_IDENTITY = "iPhone Developer";
				COPY_PHASE_STRIP = NO;
				DEBUG_INFORMATION_FORMAT = "dwarf-with-dsym";
				ENABLE_NS_ASSERTIONS = NO;
				ENABLE_STRICT_OBJC_MSGSEND = YES;
				GCC_C_LANGUAGE_STANDARD = gnu11;
				GCC_NO_COMMON_BLOCKS = YES;
				GCC_WARN_64_TO_32_BIT_CONVERSION = YES;
				GCC_WARN_ABOUT_RETURN_TYPE = YES_ERROR;
				GCC_WARN_UNDECLARED_SELECTOR = YES;
				GCC_WARN_UNINITIALIZED_AUTOS = YES_AGGRESSIVE;
				GCC_WARN_UNUSED_FUNCTION = YES;
				GCC_WARN_UNUSED_VARIABLE = YES;
				IPHONEOS_DEPLOYMENT_TARGET = 10.0;
				MTL_ENABLE_DEBUG_INFO = NO;
				MTL_FAST_MATH = YES;
				SDKROOT = iphoneos;
				SWIFT_COMPILATION_MODE = wholemodule;
				SWIFT_OPTIMIZATION_LEVEL = "-O";
				VALIDATE_PRODUCT = YES;
			};
			name = Release;
		};
		2357817F21ABF29000338CB9 /* Debug */ = {
			isa = XCBuildConfiguration;
			baseConfigurationReference = AFDE0B94297251E5C4707EB8 /* Pods-WallPeckers.debug.xcconfig */;
			buildSettings = {
				ASSETCATALOG_COMPILER_APPICON_NAME = AppIcon;
				CODE_SIGN_STYLE = Automatic;
				DEVELOPMENT_TEAM = NLQ45ZZ74N;
				INFOPLIST_FILE = WallPeckers/Info.plist;
				IPHONEOS_DEPLOYMENT_TARGET = 10.0;
				LD_RUNPATH_SEARCH_PATHS = (
					"$(inherited)",
					"@executable_path/Frameworks",
				);
				PRODUCT_BUNDLE_IDENTIFIER = com.nolgong.wallpeckers;
				PRODUCT_NAME = "$(TARGET_NAME)";
				SWIFT_VERSION = 4.2;
				TARGETED_DEVICE_FAMILY = 1;
			};
			name = Debug;
		};
		2357818021ABF29000338CB9 /* Release */ = {
			isa = XCBuildConfiguration;
			baseConfigurationReference = B6198233D5C2D9F782F81725 /* Pods-WallPeckers.release.xcconfig */;
			buildSettings = {
				ASSETCATALOG_COMPILER_APPICON_NAME = AppIcon;
				CODE_SIGN_STYLE = Automatic;
				DEVELOPMENT_TEAM = NLQ45ZZ74N;
				INFOPLIST_FILE = WallPeckers/Info.plist;
				IPHONEOS_DEPLOYMENT_TARGET = 10.0;
				LD_RUNPATH_SEARCH_PATHS = (
					"$(inherited)",
					"@executable_path/Frameworks",
				);
				PRODUCT_BUNDLE_IDENTIFIER = com.nolgong.wallpeckers;
				PRODUCT_NAME = "$(TARGET_NAME)";
				SWIFT_VERSION = 4.2;
				TARGETED_DEVICE_FAMILY = 1;
			};
			name = Release;
		};
		2357818221ABF29000338CB9 /* Debug */ = {
			isa = XCBuildConfiguration;
			baseConfigurationReference = 49F5683513EC949641C5B431 /* Pods-WallPeckersTests.debug.xcconfig */;
			buildSettings = {
				ALWAYS_EMBED_SWIFT_STANDARD_LIBRARIES = YES;
				BUNDLE_LOADER = "$(TEST_HOST)";
				CODE_SIGN_STYLE = Automatic;
				DEVELOPMENT_TEAM = C82XFZY893;
				INFOPLIST_FILE = WallPeckersTests/Info.plist;
				LD_RUNPATH_SEARCH_PATHS = (
					"$(inherited)",
					"@executable_path/Frameworks",
					"@loader_path/Frameworks",
				);
				PRODUCT_BUNDLE_IDENTIFIER = edkimco.WallPeckersTests;
				PRODUCT_NAME = "$(TARGET_NAME)";
				SWIFT_VERSION = 4.2;
				TARGETED_DEVICE_FAMILY = "1,2";
				TEST_HOST = "$(BUILT_PRODUCTS_DIR)/WallPeckers.app/WallPeckers";
			};
			name = Debug;
		};
		2357818321ABF29000338CB9 /* Release */ = {
			isa = XCBuildConfiguration;
			baseConfigurationReference = 0AA3C91735A775D042209DCC /* Pods-WallPeckersTests.release.xcconfig */;
			buildSettings = {
				ALWAYS_EMBED_SWIFT_STANDARD_LIBRARIES = YES;
				BUNDLE_LOADER = "$(TEST_HOST)";
				CODE_SIGN_STYLE = Automatic;
				DEVELOPMENT_TEAM = C82XFZY893;
				INFOPLIST_FILE = WallPeckersTests/Info.plist;
				LD_RUNPATH_SEARCH_PATHS = (
					"$(inherited)",
					"@executable_path/Frameworks",
					"@loader_path/Frameworks",
				);
				PRODUCT_BUNDLE_IDENTIFIER = edkimco.WallPeckersTests;
				PRODUCT_NAME = "$(TARGET_NAME)";
				SWIFT_VERSION = 4.2;
				TARGETED_DEVICE_FAMILY = "1,2";
				TEST_HOST = "$(BUILT_PRODUCTS_DIR)/WallPeckers.app/WallPeckers";
			};
			name = Release;
		};
		2357818521ABF29000338CB9 /* Debug */ = {
			isa = XCBuildConfiguration;
			baseConfigurationReference = 4BDA4C6BCF9B2F1F789F276F /* Pods-WallPeckersUITests.debug.xcconfig */;
			buildSettings = {
				ALWAYS_EMBED_SWIFT_STANDARD_LIBRARIES = YES;
				CODE_SIGN_STYLE = Automatic;
				DEVELOPMENT_TEAM = C82XFZY893;
				INFOPLIST_FILE = WallPeckersUITests/Info.plist;
				LD_RUNPATH_SEARCH_PATHS = (
					"$(inherited)",
					"@executable_path/Frameworks",
					"@loader_path/Frameworks",
				);
				PRODUCT_BUNDLE_IDENTIFIER = edkimco.WallPeckersUITests;
				PRODUCT_NAME = "$(TARGET_NAME)";
				SWIFT_VERSION = 4.2;
				TARGETED_DEVICE_FAMILY = "1,2";
				TEST_TARGET_NAME = WallPeckers;
			};
			name = Debug;
		};
		2357818621ABF29000338CB9 /* Release */ = {
			isa = XCBuildConfiguration;
			baseConfigurationReference = BFD062AFAF2A5F9093199AE7 /* Pods-WallPeckersUITests.release.xcconfig */;
			buildSettings = {
				ALWAYS_EMBED_SWIFT_STANDARD_LIBRARIES = YES;
				CODE_SIGN_STYLE = Automatic;
				DEVELOPMENT_TEAM = C82XFZY893;
				INFOPLIST_FILE = WallPeckersUITests/Info.plist;
				LD_RUNPATH_SEARCH_PATHS = (
					"$(inherited)",
					"@executable_path/Frameworks",
					"@loader_path/Frameworks",
				);
				PRODUCT_BUNDLE_IDENTIFIER = edkimco.WallPeckersUITests;
				PRODUCT_NAME = "$(TARGET_NAME)";
				SWIFT_VERSION = 4.2;
				TARGETED_DEVICE_FAMILY = "1,2";
				TEST_TARGET_NAME = WallPeckers;
			};
			name = Release;
		};
/* End XCBuildConfiguration section */

/* Begin XCConfigurationList section */
		2357815121ABF28F00338CB9 /* Build configuration list for PBXProject "WallPeckers" */ = {
			isa = XCConfigurationList;
			buildConfigurations = (
				2357817C21ABF29000338CB9 /* Debug */,
				2357817D21ABF29000338CB9 /* Release */,
			);
			defaultConfigurationIsVisible = 0;
			defaultConfigurationName = Release;
		};
		2357817E21ABF29000338CB9 /* Build configuration list for PBXNativeTarget "WallPeckers" */ = {
			isa = XCConfigurationList;
			buildConfigurations = (
				2357817F21ABF29000338CB9 /* Debug */,
				2357818021ABF29000338CB9 /* Release */,
			);
			defaultConfigurationIsVisible = 0;
			defaultConfigurationName = Release;
		};
		2357818121ABF29000338CB9 /* Build configuration list for PBXNativeTarget "WallPeckersTests" */ = {
			isa = XCConfigurationList;
			buildConfigurations = (
				2357818221ABF29000338CB9 /* Debug */,
				2357818321ABF29000338CB9 /* Release */,
			);
			defaultConfigurationIsVisible = 0;
			defaultConfigurationName = Release;
		};
		2357818421ABF29000338CB9 /* Build configuration list for PBXNativeTarget "WallPeckersUITests" */ = {
			isa = XCConfigurationList;
			buildConfigurations = (
				2357818521ABF29000338CB9 /* Debug */,
				2357818621ABF29000338CB9 /* Release */,
			);
			defaultConfigurationIsVisible = 0;
			defaultConfigurationName = Release;
		};
/* End XCConfigurationList section */
	};
	rootObject = 2357814E21ABF28F00338CB9 /* Project object */;
}
